schema: '2.0'
stages:
  data_ingestion:
    cmd: python src/data/data_ingestion.py
    deps:
    - path: src/data/data_ingestion.py
      hash: md5
      md5: 7a32f1fa96c50645b2b5b91c5bf92139
      size: 4257
    params:
      params.yaml:
        data_ingestion.test_size: 0.2
    outs:
    - path: data/raw
      hash: md5
      md5: d161993ed3f90a07bba5c96965a901e9.dir
      size: 117308829
      nfiles: 2
  data_preprocessing:
    cmd: python src/data/data_preprocessing.py
    deps:
    - path: data/raw/test.csv
      hash: md5
      md5: 52f5110c4789e4a266d3d685b4b187e0
      size: 23397730
    - path: data/raw/train.csv
      hash: md5
      md5: 50387f2e1eaa746d77c636dcdfbe4b81
      size: 93911099
    - path: src/data/data_preprocessing.py
      hash: md5
      md5: 6360923510f2bc0c988b38dc776360f0
      size: 3775
    outs:
    - path: data/interim
      hash: md5
      md5: e3d74230c862093fc3da473678de0e42.dir
      size: 80220746
      nfiles: 2
  model_building:
    cmd: python src/model/model_building.py
    deps:
    - path: data/interim/train_processed.csv
      hash: md5
      md5: a005e7e6df3cb3c56fc3d5e04e85a014
      size: 64223640
    - path: src/model/model_building.py
      hash: md5
      md5: 85cef299dce7eec10c69992352114dfe
      size: 5691
    params:
      params.yaml:
        model_building.learning_rate: 0.2745575039335754
        model_building.max_depth: -1
        model_building.max_features: 10000
        model_building.n_estimators: 297
        model_building.ngram_range:
        - 1
        - 3
        model_building.num_leaves: 95
    outs:
    - path: lgbm_model.pkl
      hash: md5
      md5: 835820f0ab1e234b53f0485147289f35
      size: 9883955
    - path: tfidf_vectorizer.pkl
      hash: md5
      md5: 8531628e212b1bb28471c5b184888699
      size: 374924
  model_evaluation:
    cmd: python src/model/model_evaluation.py
    deps:
    - path: data/interim/test_processed.csv
      hash: md5
      md5: ed3559bfcd067d45cc87f28f6229af79
      size: 15997106
    - path: lgbm_model.pkl
      hash: md5
      md5: 835820f0ab1e234b53f0485147289f35
      size: 9883955
    - path: src/model/model_evaluation.py
      hash: md5
      md5: d4ab007eb9b9041a0a23740e0e87eb21
      size: 7395
    - path: tfidf_vectorizer.pkl
      hash: md5
      md5: 8531628e212b1bb28471c5b184888699
      size: 374924
    outs:
    - path: experiment_info.json
      hash: md5
      md5: 9e33749f2b1cefcad94549a4b6aebf94
      size: 84
  model_registration:
    cmd: python src/model/register_model.py
    deps:
    - path: experiment_info.json
      hash: md5
      md5: 9e33749f2b1cefcad94549a4b6aebf94
      size: 84
    - path: src/model/register_model.py
      hash: md5
      md5: afa86b0795169b01b1c01b363080b110
      size: 2447
